
Microsoft Visual Studio Solution File, Format Version 12.00
# Visual Studio Version 17
VisualStudioVersion = 17.7.34031.279
MinimumVisualStudioVersion = 10.0.40219.1
Project("{FAE04EC0-301F-11D3-BF4B-00C04F79EFBC}") = "App16.Android", "App16\App16.Android\App16.Android.csproj", "{AEB29845-53D1-458C-9884-A488D7D28D82}"
EndProject
Project("{FAE04EC0-301F-11D3-BF4B-00C04F79EFBC}") = "App16.iOS", "App16\App16.iOS\App16.iOS.csproj", "{76833880-61AB-4808-8E58-087443845BF5}"
EndProject
Project("{FAE04EC0-301F-11D3-BF4B-00C04F79EFBC}") = "App16", "App16\App16\App16.csproj", "{2798B5D1-8763-4A37-AED0-FA81AE25B31F}"
EndProject
Global
	GlobalSection(SolutionConfigurationPlatforms) = preSolution
		Debug|Any CPU = Debug|Any CPU
		Debug|iPhone = Debug|iPhone
		Debug|iPhoneSimulator = Debug|iPhoneSimulator
		Release|Any CPU = Release|Any CPU
		Release|iPhone = Release|iPhone
		Release|iPhoneSimulator = Release|iPhoneSimulator
	EndGlobalSection
	GlobalSection(ProjectConfigurationPlatforms) = postSolution
		{AEB29845-53D1-458C-9884-A488D7D28D82}.Debug|Any CPU.ActiveCfg = Debug|Any CPU
		{AEB29845-53D1-458C-9884-A488D7D28D82}.Debug|Any CPU.Build.0 = Debug|Any CPU
		{AEB29845-53D1-458C-9884-A488D7D28D82}.Debug|Any CPU.Deploy.0 = Debug|Any CPU
		{AEB29845-53D1-458C-9884-A488D7D28D82}.Debug|iPhone.ActiveCfg = Debug|Any CPU
		{AEB29845-53D1-458C-9884-A488D7D28D82}.Debug|iPhone.Build.0 = Debug|Any CPU
		{AEB29845-53D1-458C-9884-A488D7D28D82}.Debug|iPhone.Deploy.0 = Debug|Any CPU
		{AEB29845-53D1-458C-9884-A488D7D28D82}.Debug|iPhoneSimulator.ActiveCfg = Debug|Any CPU
		{AEB29845-53D1-458C-9884-A488D7D28D82}.Debug|iPhoneSimulator.Build.0 = Debug|Any CPU
		{AEB29845-53D1-458C-9884-A488D7D28D82}.Debug|iPhoneSimulator.Deploy.0 = Debug|Any CPU
		{AEB29845-53D1-458C-9884-A488D7D28D82}.Release|Any CPU.ActiveCfg = Release|Any CPU
		{AEB29845-53D1-458C-9884-A488D7D28D82}.Release|Any CPU.Build.0 = Release|Any CPU
		{AEB29845-53D1-458C-9884-A488D7D28D82}.Release|Any CPU.Deploy.0 = Release|Any CPU
		{AEB29845-53D1-458C-9884-A488D7D28D82}.Release|iPhone.ActiveCfg = Release|Any CPU
		{AEB29845-53D1-458C-9884-A488D7D28D82}.Release|iPhone.Build.0 = Release|Any CPU
		{AEB29845-53D1-458C-9884-A488D7D28D82}.Release|iPhone.Deploy.0 = Release|Any CPU
		{AEB29845-53D1-458C-9884-A488D7D28D82}.Release|iPhoneSimulator.ActiveCfg = Release|Any CPU
		{AEB29845-53D1-458C-9884-A488D7D28D82}.Release|iPhoneSimulator.Build.0 = Release|Any CPU
		{AEB29845-53D1-458C-9884-A488D7D28D82}.Release|iPhoneSimulator.Deploy.0 = Release|Any CPU
		{76833880-61AB-4808-8E58-087443845BF5}.Debug|Any CPU.ActiveCfg = Debug|iPhone
		{76833880-61AB-4808-8E58-087443845BF5}.Debug|Any CPU.Build.0 = Debug|iPhone
		{76833880-61AB-4808-8E58-087443845BF5}.Debug|Any CPU.Deploy.0 = Debug|iPhone
		{76833880-61AB-4808-8E58-087443845BF5}.Debug|iPhone.ActiveCfg = Debug|iPhone
		{76833880-61AB-4808-8E58-087443845BF5}.Debug|iPhone.Build.0 = Debug|iPhone
		{76833880-61AB-4808-8E58-087443845BF5}.Debug|iPhone.Deploy.0 = Debug|iPhone
		{76833880-61AB-4808-8E58-087443845BF5}.Debug|iPhoneSimulator.ActiveCfg = Debug|iPhoneSimulator
		{76833880-61AB-4808-8E58-087443845BF5}.Debug|iPhoneSimulator.Build.0 = Debug|iPhoneSimulator
		{76833880-61AB-4808-8E58-087443845BF5}.Debug|iPhoneSimulator.Deploy.0 = Debug|iPhoneSimulator
		{76833880-61AB-4808-8E58-087443845BF5}.Release|Any CPU.ActiveCfg = Release|iPhoneSimulator
		{76833880-61AB-4808-8E58-087443845BF5}.Release|Any CPU.Build.0 = Release|iPhoneSimulator
		{76833880-61AB-4808-8E58-087443845BF5}.Release|Any CPU.Deploy.0 = Release|iPhoneSimulator
		{76833880-61AB-4808-8E58-087443845BF5}.Release|iPhone.ActiveCfg = Release|iPhone
		{76833880-61AB-4808-8E58-087443845BF5}.Release|iPhone.Build.0 = Release|iPhone
		{76833880-61AB-4808-8E58-087443845BF5}.Release|iPhone.Deploy.0 = Release|iPhone
		{76833880-61AB-4808-8E58-087443845BF5}.Release|iPhoneSimulator.ActiveCfg = Release|iPhoneSimulator
		{76833880-61AB-4808-8E58-087443845BF5}.Release|iPhoneSimulator.Build.0 = Release|iPhoneSimulator
		{76833880-61AB-4808-8E58-087443845BF5}.Release|iPhoneSimulator.Deploy.0 = Release|iPhoneSimulator
		{2798B5D1-8763-4A37-AED0-FA81AE25B31F}.Debug|Any CPU.ActiveCfg = Debug|Any CPU
		{2798B5D1-8763-4A37-AED0-FA81AE25B31F}.Debug|Any CPU.Build.0 = Debug|Any CPU
		{2798B5D1-8763-4A37-AED0-FA81AE25B31F}.Debug|Any CPU.Deploy.0 = Debug|Any CPU
		{2798B5D1-8763-4A37-AED0-FA81AE25B31F}.Debug|iPhone.ActiveCfg = Debug|Any CPU
		{2798B5D1-8763-4A37-AED0-FA81AE25B31F}.Debug|iPhone.Build.0 = Debug|Any CPU
		{2798B5D1-8763-4A37-AED0-FA81AE25B31F}.Debug|iPhone.Deploy.0 = Debug|Any CPU
		{2798B5D1-8763-4A37-AED0-FA81AE25B31F}.Debug|iPhoneSimulator.ActiveCfg = Debug|Any CPU
		{2798B5D1-8763-4A37-AED0-FA81AE25B31F}.Debug|iPhoneSimulator.Build.0 = Debug|Any CPU
		{2798B5D1-8763-4A37-AED0-FA81AE25B31F}.Debug|iPhoneSimulator.Deploy.0 = Debug|Any CPU
		{2798B5D1-8763-4A37-AED0-FA81AE25B31F}.Release|Any CPU.ActiveCfg = Release|Any CPU
		{2798B5D1-8763-4A37-AED0-FA81AE25B31F}.Release|Any CPU.Build.0 = Release|Any CPU
		{2798B5D1-8763-4A37-AED0-FA81AE25B31F}.Release|Any CPU.Deploy.0 = Release|Any CPU
		{2798B5D1-8763-4A37-AED0-FA81AE25B31F}.Release|iPhone.ActiveCfg = Release|Any CPU
		{2798B5D1-8763-4A37-AED0-FA81AE25B31F}.Release|iPhone.Build.0 = Release|Any CPU
		{2798B5D1-8763-4A37-AED0-FA81AE25B31F}.Release|iPhone.Deploy.0 = Release|Any CPU
		{2798B5D1-8763-4A37-AED0-FA81AE25B31F}.Release|iPhoneSimulator.ActiveCfg = Release|Any CPU
		{2798B5D1-8763-4A37-AED0-FA81AE25B31F}.Release|iPhoneSimulator.Build.0 = Release|Any CPU
		{2798B5D1-8763-4A37-AED0-FA81AE25B31F}.Release|iPhoneSimulator.Deploy.0 = Release|Any CPU
	EndGlobalSection
	GlobalSection(SolutionProperties) = preSolution
		HideSolutionNode = FALSE
	EndGlobalSection
	GlobalSection(ExtensibilityGlobals) = postSolution
		SolutionGuid = {72D34CF8-4278-4DE6-9718-2BD5E5869783}
	EndGlobalSection
EndGlobal
